
Microsoft Visual Studio Solution File, Format Version 12.00
# Visual Studio 15
VisualStudioVersion = 15.0.28307.421
MinimumVisualStudioVersion = 10.0.40219.1
Project("{FAE04EC0-301F-11D3-BF4B-00C04F79EFBC}") = "ConsoleAppEmerytura", "ConsoleAppEmerytura\ConsoleAppEmerytura.csproj", "{29AA2086-0B91-43D8-9317-14AC8F669AFF}"
EndProject
Project("{FAE04EC0-301F-11D3-BF4B-00C04F79EFBC}") = "ConsoleBatchEmerytura", "ConsoleBatchEmerytura\ConsoleBatchEmerytura.csproj", "{1B65216E-2452-4136-AF80-0763240365C0}"
EndProject
Project("{FAE04EC0-301F-11D3-BF4B-00C04F79EFBC}") = "ConsoleAppOkienka", "ConsoleAppOkienka\ConsoleAppOkienka.csproj", "{5B42C69C-EC53-4989-BFF3-0EC486EAEFB6}"
EndProject
Project("{FAE04EC0-301F-11D3-BF4B-00C04F79EFBC}") = "WindowsFormsAppEmerytura", "WindowsFormsAppEmerytura\WindowsFormsAppEmerytura.csproj", "{5E093A71-3E91-43ED-8768-F5D0702EF02C}"
EndProject
Global
	GlobalSection(SolutionConfigurationPlatforms) = preSolution
		Debug|Any CPU = Debug|Any CPU
		Release|Any CPU = Release|Any CPU
	EndGlobalSection
	GlobalSection(ProjectConfigurationPlatforms) = postSolution
		{29AA2086-0B91-43D8-9317-14AC8F669AFF}.Debug|Any CPU.ActiveCfg = Debug|Any CPU
		{29AA2086-0B91-43D8-9317-14AC8F669AFF}.Debug|Any CPU.Build.0 = Debug|Any CPU
		{29AA2086-0B91-43D8-9317-14AC8F669AFF}.Release|Any CPU.ActiveCfg = Release|Any CPU
		{29AA2086-0B91-43D8-9317-14AC8F669AFF}.Release|Any CPU.Build.0 = Release|Any CPU
		{1B65216E-2452-4136-AF80-0763240365C0}.Debug|Any CPU.ActiveCfg = Debug|Any CPU
		{1B65216E-2452-4136-AF80-0763240365C0}.Debug|Any CPU.Build.0 = Debug|Any CPU
		{1B65216E-2452-4136-AF80-0763240365C0}.Release|Any CPU.ActiveCfg = Release|Any CPU
		{1B65216E-2452-4136-AF80-0763240365C0}.Release|Any CPU.Build.0 = Release|Any CPU
		{5B42C69C-EC53-4989-BFF3-0EC486EAEFB6}.Debug|Any CPU.ActiveCfg = Debug|Any CPU
		{5B42C69C-EC53-4989-BFF3-0EC486EAEFB6}.Debug|Any CPU.Build.0 = Debug|Any CPU
		{5B42C69C-EC53-4989-BFF3-0EC486EAEFB6}.Release|Any CPU.ActiveCfg = Release|Any CPU
		{5B42C69C-EC53-4989-BFF3-0EC486EAEFB6}.Release|Any CPU.Build.0 = Release|Any CPU
		{5E093A71-3E91-43ED-8768-F5D0702EF02C}.Debug|Any CPU.ActiveCfg = Debug|Any CPU
		{5E093A71-3E91-43ED-8768-F5D0702EF02C}.Debug|Any CPU.Build.0 = Debug|Any CPU
		{5E093A71-3E91-43ED-8768-F5D0702EF02C}.Release|Any CPU.ActiveCfg = Release|Any CPU
		{5E093A71-3E91-43ED-8768-F5D0702EF02C}.Release|Any CPU.Build.0 = Release|Any CPU
	EndGlobalSection
	GlobalSection(SolutionProperties) = preSolution
		HideSolutionNode = FALSE
	EndGlobalSection
	GlobalSection(ExtensibilityGlobals) = postSolution
		SolutionGuid = {E1EDD78C-35B8-4DAD-9DF0-C03E6A07DB7B}
	EndGlobalSection
EndGlobal
